
Microsoft Visual Studio Solution File, Format Version 12.00
# Visual Studio 14
VisualStudioVersion = 14.0.23103.0
MinimumVisualStudioVersion = 10.0.40219.1
Project("{8BC9CEB8-8B4A-11D0-8D11-00A0C91BC942}") = "PyLauncher", "PyLauncher.vcxproj", "{C77344CA-D764-466D-9FAB-DF9C9F6F279A}"
EndProject
Project("{888888A0-9F3D-457C-B088-3A5042F75D52}") = "Tests", "Tests\Tests.pyproj", "{48C9C0A6-9F49-4966-937F-B210124E57AE}"
EndProject
Global
	GlobalSection(SolutionConfigurationPlatforms) = preSolution
		Debug|Any CPU = Debug|Any CPU
		Debug|x64 = Debug|x64
		Debug|x86 = Debug|x86
		Release|Any CPU = Release|Any CPU
		Release|x64 = Release|x64
		Release|x86 = Release|x86
	EndGlobalSection
	GlobalSection(ProjectConfigurationPlatforms) = postSolution
		{C77344CA-D764-466D-9FAB-DF9C9F6F279A}.Debug|Any CPU.ActiveCfg = Debug|Win32
		{C77344CA-D764-466D-9FAB-DF9C9F6F279A}.Debug|x64.ActiveCfg = Debug|x64
		{C77344CA-D764-466D-9FAB-DF9C9F6F279A}.Debug|x64.Build.0 = Debug|x64
		{C77344CA-D764-466D-9FAB-DF9C9F6F279A}.Debug|x86.ActiveCfg = Debug|Win32
		{C77344CA-D764-466D-9FAB-DF9C9F6F279A}.Debug|x86.Build.0 = Debug|Win32
		{C77344CA-D764-466D-9FAB-DF9C9F6F279A}.Release|Any CPU.ActiveCfg = Release|Win32
		{C77344CA-D764-466D-9FAB-DF9C9F6F279A}.Release|x64.ActiveCfg = Release|x64
		{C77344CA-D764-466D-9FAB-DF9C9F6F279A}.Release|x64.Build.0 = Release|x64
		{C77344CA-D764-466D-9FAB-DF9C9F6F279A}.Release|x86.ActiveCfg = Release|Win32
		{C77344CA-D764-466D-9FAB-DF9C9F6F279A}.Release|x86.Build.0 = Release|Win32
		{48C9C0A6-9F49-4966-937F-B210124E57AE}.Debug|Any CPU.ActiveCfg = Debug|Any CPU
		{48C9C0A6-9F49-4966-937F-B210124E57AE}.Debug|x64.ActiveCfg = Debug|Any CPU
		{48C9C0A6-9F49-4966-937F-B210124E57AE}.Debug|x86.ActiveCfg = Debug|Any CPU
		{48C9C0A6-9F49-4966-937F-B210124E57AE}.Release|Any CPU.ActiveCfg = Release|Any CPU
		{48C9C0A6-9F49-4966-937F-B210124E57AE}.Release|x64.ActiveCfg = Release|Any CPU
		{48C9C0A6-9F49-4966-937F-B210124E57AE}.Release|x86.ActiveCfg = Release|Any CPU
	EndGlobalSection
	GlobalSection(SolutionProperties) = preSolution
		HideSolutionNode = FALSE
	EndGlobalSection
EndGlobal
